
Microsoft Visual Studio Solution File, Format Version 12.00
# Visual Studio Version 17
VisualStudioVersion = 17.3.32721.290
MinimumVisualStudioVersion = 10.0.40219.1
Project("{FAE04EC0-301F-11D3-BF4B-00C04F79EFBC}") = "API-Punto-Venta", "API-Punto-Venta\API-Punto-Venta.csproj", "{B1C7D111-BB1D-43BC-8D75-815263437498}"
EndProject
Global
	GlobalSection(SolutionConfigurationPlatforms) = preSolution
		Debug|Any CPU = Debug|Any CPU
		Release|Any CPU = Release|Any CPU
	EndGlobalSection
	GlobalSection(ProjectConfigurationPlatforms) = postSolution
		{B1C7D111-BB1D-43BC-8D75-815263437498}.Debug|Any CPU.ActiveCfg = Debug|Any CPU
		{B1C7D111-BB1D-43BC-8D75-815263437498}.Debug|Any CPU.Build.0 = Debug|Any CPU
		{B1C7D111-BB1D-43BC-8D75-815263437498}.Release|Any CPU.ActiveCfg = Release|Any CPU
		{B1C7D111-BB1D-43BC-8D75-815263437498}.Release|Any CPU.Build.0 = Release|Any CPU
	EndGlobalSection
	GlobalSection(SolutionProperties) = preSolution
		HideSolutionNode = FALSE
	EndGlobalSection
	GlobalSection(ExtensibilityGlobals) = postSolution
		SolutionGuid = {7E4EB495-FC4F-454E-8B8A-C643B62D5846}
	EndGlobalSection
EndGlobal
